// !$*UTF8*$!
{
	archiveVersion = 1;
	classes = {
	};
	objectVersion = 56;
	objects = {

/* Begin PBXBuildFile section */
		6A910BAF29C3D6FA00DC917C /* BonoBonoDiaryApp.swift in Sources */ = {isa = PBXBuildFile; fileRef = 6A910BAE29C3D6FA00DC917C /* BonoBonoDiaryApp.swift */; };
		6A910BB129C3D6FA00DC917C /* DiaryListView.swift in Sources */ = {isa = PBXBuildFile; fileRef = 6A910BB029C3D6FA00DC917C /* DiaryListView.swift */; };
		6A910BB329C3D6FD00DC917C /* Assets.xcassets in Resources */ = {isa = PBXBuildFile; fileRef = 6A910BB229C3D6FD00DC917C /* Assets.xcassets */; };
		6A910BB629C3D6FD00DC917C /* Preview Assets.xcassets in Resources */ = {isa = PBXBuildFile; fileRef = 6A910BB529C3D6FD00DC917C /* Preview Assets.xcassets */; };
		6A910BC729C3DC7B00DC917C /* Diary.swift in Sources */ = {isa = PBXBuildFile; fileRef = 6A910BC629C3DC7B00DC917C /* Diary.swift */; };
		6A910BCA29C3EC4600DC917C /* Date+.swift in Sources */ = {isa = PBXBuildFile; fileRef = 6A910BC929C3EC4600DC917C /* Date+.swift */; };
		6A910BCC29C47C5F00DC917C /* DiaryPostView.swift in Sources */ = {isa = PBXBuildFile; fileRef = 6A910BCB29C47C5F00DC917C /* DiaryPostView.swift */; };
		6A910BCF29C47F6700DC917C /* BottomBonoBonoView.swift in Sources */ = {isa = PBXBuildFile; fileRef = 6A910BCE29C47F6700DC917C /* BottomBonoBonoView.swift */; };
		6A910BD329C5953900DC917C /* ViewModel.swift in Sources */ = {isa = PBXBuildFile; fileRef = 6A910BD229C5953900DC917C /* ViewModel.swift */; };
		6A910C3829C60AD900DC917C /* DiaryView.swift in Sources */ = {isa = PBXBuildFile; fileRef = 6A910C3729C60AD900DC917C /* DiaryView.swift */; };
		6A910C3A29C60CD000DC917C /* Common.swift in Sources */ = {isa = PBXBuildFile; fileRef = 6A910C3929C60CD000DC917C /* Common.swift */; };
		6A910C3E29C60FF700DC917C /* DiaryModel.xcdatamodeld in Sources */ = {isa = PBXBuildFile; fileRef = 6A910C3C29C60FF700DC917C /* DiaryModel.xcdatamodeld */; };
		6A910C4129C6104000DC917C /* PersistenceController.swift in Sources */ = {isa = PBXBuildFile; fileRef = 6A910C4029C6104000DC917C /* PersistenceController.swift */; };
/* End PBXBuildFile section */

/* Begin PBXFileReference section */
		6A910BAB29C3D6FA00DC917C /* BonoBonoDiary.app */ = {isa = PBXFileReference; explicitFileType = wrapper.application; includeInIndex = 0; path = BonoBonoDiary.app; sourceTree = BUILT_PRODUCTS_DIR; };
		6A910BAE29C3D6FA00DC917C /* BonoBonoDiaryApp.swift */ = {isa = PBXFileReference; lastKnownFileType = sourcecode.swift; path = BonoBonoDiaryApp.swift; sourceTree = "<group>"; };
		6A910BB029C3D6FA00DC917C /* DiaryListView.swift */ = {isa = PBXFileReference; lastKnownFileType = sourcecode.swift; path = DiaryListView.swift; sourceTree = "<group>"; };
		6A910BB229C3D6FD00DC917C /* Assets.xcassets */ = {isa = PBXFileReference; lastKnownFileType = folder.assetcatalog; path = Assets.xcassets; sourceTree = "<group>"; };
		6A910BB529C3D6FD00DC917C /* Preview Assets.xcassets */ = {isa = PBXFileReference; lastKnownFileType = folder.assetcatalog; path = "Preview Assets.xcassets"; sourceTree = "<group>"; };
		6A910BC629C3DC7B00DC917C /* Diary.swift */ = {isa = PBXFileReference; lastKnownFileType = sourcecode.swift; path = Diary.swift; sourceTree = "<group>"; };
		6A910BC929C3EC4600DC917C /* Date+.swift */ = {isa = PBXFileReference; lastKnownFileType = sourcecode.swift; path = "Date+.swift"; sourceTree = "<group>"; };
		6A910BCB29C47C5F00DC917C /* DiaryPostView.swift */ = {isa = PBXFileReference; lastKnownFileType = sourcecode.swift; path = DiaryPostView.swift; sourceTree = "<group>"; };
		6A910BCE29C47F6700DC917C /* BottomBonoBonoView.swift */ = {isa = PBXFileReference; lastKnownFileType = sourcecode.swift; path = BottomBonoBonoView.swift; sourceTree = "<group>"; };
		6A910BD229C5953900DC917C /* ViewModel.swift */ = {isa = PBXFileReference; lastKnownFileType = sourcecode.swift; path = ViewModel.swift; sourceTree = "<group>"; };
		6A910C3729C60AD900DC917C /* DiaryView.swift */ = {isa = PBXFileReference; lastKnownFileType = sourcecode.swift; path = DiaryView.swift; sourceTree = "<group>"; };
		6A910C3929C60CD000DC917C /* Common.swift */ = {isa = PBXFileReference; lastKnownFileType = sourcecode.swift; path = Common.swift; sourceTree = "<group>"; };
		6A910C3B29C60F7400DC917C /* Info.plist */ = {isa = PBXFileReference; lastKnownFileType = text.plist; path = Info.plist; sourceTree = "<group>"; };
		6A910C3D29C60FF700DC917C /* DiaryModel.xcdatamodel */ = {isa = PBXFileReference; lastKnownFileType = wrapper.xcdatamodel; path = DiaryModel.xcdatamodel; sourceTree = "<group>"; };
		6A910C4029C6104000DC917C /* PersistenceController.swift */ = {isa = PBXFileReference; lastKnownFileType = sourcecode.swift; path = PersistenceController.swift; sourceTree = "<group>"; };
/* End PBXFileReference section */

/* Begin PBXFrameworksBuildPhase section */
		6A910BA829C3D6FA00DC917C /* Frameworks */ = {
			isa = PBXFrameworksBuildPhase;
			buildActionMask = 2147483647;
			files = (
			);
			runOnlyForDeploymentPostprocessing = 0;
		};
/* End PBXFrameworksBuildPhase section */

/* Begin PBXGroup section */
		6A910BA229C3D6F900DC917C = {
			isa = PBXGroup;
			children = (
				6A910BAD29C3D6FA00DC917C /* BonoBonoDiary */,
				6A910BAC29C3D6FA00DC917C /* Products */,
			);
			sourceTree = "<group>";
		};
		6A910BAC29C3D6FA00DC917C /* Products */ = {
			isa = PBXGroup;
			children = (
				6A910BAB29C3D6FA00DC917C /* BonoBonoDiary.app */,
			);
			name = Products;
			sourceTree = "<group>";
		};
		6A910BAD29C3D6FA00DC917C /* BonoBonoDiary */ = {
			isa = PBXGroup;
			children = (
				6A910C3F29C6103A00DC917C /* Controller */,
				6A910C3B29C60F7400DC917C /* Info.plist */,
				6A910BC829C3EC4100DC917C /* Extension */,
				6A910BC529C3DC7700DC917C /* Model */,
				6A910BBE29C3D75E00DC917C /* View */,
				6A910BBD29C3D75500DC917C /* Resources */,
				6A910BAE29C3D6FA00DC917C /* BonoBonoDiaryApp.swift */,
				6A910BB429C3D6FD00DC917C /* Preview Content */,
			);
			path = BonoBonoDiary;
			sourceTree = "<group>";
		};
		6A910BB429C3D6FD00DC917C /* Preview Content */ = {
			isa = PBXGroup;
			children = (
				6A910BB529C3D6FD00DC917C /* Preview Assets.xcassets */,
			);
			path = "Preview Content";
			sourceTree = "<group>";
		};
		6A910BBD29C3D75500DC917C /* Resources */ = {
			isa = PBXGroup;
			children = (
				6A910BB229C3D6FD00DC917C /* Assets.xcassets */,
				6A910C3929C60CD000DC917C /* Common.swift */,
			);
			path = Resources;
			sourceTree = "<group>";
		};
		6A910BBE29C3D75E00DC917C /* View */ = {
			isa = PBXGroup;
			children = (
				6A910BCE29C47F6700DC917C /* BottomBonoBonoView.swift */,
				6A910BB029C3D6FA00DC917C /* DiaryListView.swift */,
				6A910BCB29C47C5F00DC917C /* DiaryPostView.swift */,
				6A910C3729C60AD900DC917C /* DiaryView.swift */,
			);
			path = View;
			sourceTree = "<group>";
		};
		6A910BC529C3DC7700DC917C /* Model */ = {
			isa = PBXGroup;
			children = (
				6A910BC629C3DC7B00DC917C /* Diary.swift */,
				6A910BD229C5953900DC917C /* ViewModel.swift */,
				6A910C3C29C60FF700DC917C /* DiaryModel.xcdatamodeld */,
			);
			path = Model;
			sourceTree = "<group>";
		};
		6A910BC829C3EC4100DC917C /* Extension */ = {
			isa = PBXGroup;
			children = (
				6A910BC929C3EC4600DC917C /* Date+.swift */,
			);
			path = Extension;
			sourceTree = "<group>";
		};
		6A910C3F29C6103A00DC917C /* Controller */ = {
			isa = PBXGroup;
			children = (
				6A910C4029C6104000DC917C /* PersistenceController.swift */,
			);
			path = Controller;
			sourceTree = "<group>";
		};
/* End PBXGroup section */

/* Begin PBXNativeTarget section */
		6A910BAA29C3D6FA00DC917C /* BonoBonoDiary */ = {
			isa = PBXNativeTarget;
			buildConfigurationList = 6A910BB929C3D6FD00DC917C /* Build configuration list for PBXNativeTarget "BonoBonoDiary" */;
			buildPhases = (
				6A910BA729C3D6FA00DC917C /* Sources */,
				6A910BA829C3D6FA00DC917C /* Frameworks */,
				6A910BA929C3D6FA00DC917C /* Resources */,
			);
			buildRules = (
			);
			dependencies = (
			);
			name = BonoBonoDiary;
			productName = BonoBonoDiary;
			productReference = 6A910BAB29C3D6FA00DC917C /* BonoBonoDiary.app */;
			productType = "com.apple.product-type.application";
		};
/* End PBXNativeTarget section */

/* Begin PBXProject section */
		6A910BA329C3D6F900DC917C /* Project object */ = {
			isa = PBXProject;
			attributes = {
				BuildIndependentTargetsInParallel = 1;
				LastSwiftUpdateCheck = 1410;
				LastUpgradeCheck = 1410;
				TargetAttributes = {
					6A910BAA29C3D6FA00DC917C = {
						CreatedOnToolsVersion = 14.1;
					};
				};
			};
			buildConfigurationList = 6A910BA629C3D6F900DC917C /* Build configuration list for PBXProject "BonoBonoDiary" */;
			compatibilityVersion = "Xcode 14.0";
			developmentRegion = en;
			hasScannedForEncodings = 0;
			knownRegions = (
				en,
				Base,
			);
			mainGroup = 6A910BA229C3D6F900DC917C;
			productRefGroup = 6A910BAC29C3D6FA00DC917C /* Products */;
			projectDirPath = "";
			projectRoot = "";
			targets = (
				6A910BAA29C3D6FA00DC917C /* BonoBonoDiary */,
			);
		};
/* End PBXProject section */

/* Begin PBXResourcesBuildPhase section */
		6A910BA929C3D6FA00DC917C /* Resources */ = {
			isa = PBXResourcesBuildPhase;
			buildActionMask = 2147483647;
			files = (
				6A910BB629C3D6FD00DC917C /* Preview Assets.xcassets in Resources */,
				6A910BB329C3D6FD00DC917C /* Assets.xcassets in Resources */,
			);
			runOnlyForDeploymentPostprocessing = 0;
		};
/* End PBXResourcesBuildPhase section */

/* Begin PBXSourcesBuildPhase section */
		6A910BA729C3D6FA00DC917C /* Sources */ = {
			isa = PBXSourcesBuildPhase;
			buildActionMask = 2147483647;
			files = (
				6A910BB129C3D6FA00DC917C /* DiaryListView.swift in Sources */,
				6A910BCC29C47C5F00DC917C /* DiaryPostView.swift in Sources */,
				6A910C3A29C60CD000DC917C /* Common.swift in Sources */,
				6A910BC729C3DC7B00DC917C /* Diary.swift in Sources */,
				6A910C4129C6104000DC917C /* PersistenceController.swift in Sources */,
				6A910BAF29C3D6FA00DC917C /* BonoBonoDiaryApp.swift in Sources */,
				6A910BCA29C3EC4600DC917C /* Date+.swift in Sources */,
				6A910BCF29C47F6700DC917C /* BottomBonoBonoView.swift in Sources */,
				6A910C3E29C60FF700DC917C /* DiaryModel.xcdatamodeld in Sources */,
				6A910C3829C60AD900DC917C /* DiaryView.swift in Sources */,
				6A910BD329C5953900DC917C /* ViewModel.swift in Sources */,
			);
			runOnlyForDeploymentPostprocessing = 0;
		};
/* End PBXSourcesBuildPhase section */

/* Begin XCBuildConfiguration section */
		6A910BB729C3D6FD00DC917C /* Debug */ = {
			isa = XCBuildConfiguration;
			buildSettings = {
				ALWAYS_SEARCH_USER_PATHS = NO;
				CLANG_ANALYZER_NONNULL = YES;
				CLANG_ANALYZER_NUMBER_OBJECT_CONVERSION = YES_AGGRESSIVE;
				CLANG_CXX_LANGUAGE_STANDARD = "gnu++20";
				CLANG_ENABLE_MODULES = YES;
				CLANG_ENABLE_OBJC_ARC = YES;
				CLANG_ENABLE_OBJC_WEAK = YES;
				CLANG_WARN_BLOCK_CAPTURE_AUTORELEASING = YES;
				CLANG_WARN_BOOL_CONVERSION = YES;
				CLANG_WARN_COMMA = YES;
				CLANG_WARN_CONSTANT_CONVERSION = YES;
				CLANG_WARN_DEPRECATED_OBJC_IMPLEMENTATIONS = YES;
				CLANG_WARN_DIRECT_OBJC_ISA_USAGE = YES_ERROR;
				CLANG_WARN_DOCUMENTATION_COMMENTS = YES;
				CLANG_WARN_EMPTY_BODY = YES;
				CLANG_WARN_ENUM_CONVERSION = YES;
				CLANG_WARN_INFINITE_RECURSION = YES;
				CLANG_WARN_INT_CONVERSION = YES;
				CLANG_WARN_NON_LITERAL_NULL_CONVERSION = YES;
				CLANG_WARN_OBJC_IMPLICIT_RETAIN_SELF = YES;
				CLANG_WARN_OBJC_LITERAL_CONVERSION = YES;
				CLANG_WARN_OBJC_ROOT_CLASS = YES_ERROR;
				CLANG_WARN_QUOTED_INCLUDE_IN_FRAMEWORK_HEADER = YES;
				CLANG_WARN_RANGE_LOOP_ANALYSIS = YES;
				CLANG_WARN_STRICT_PROTOTYPES = YES;
				CLANG_WARN_SUSPICIOUS_MOVE = YES;
				CLANG_WARN_UNGUARDED_AVAILABILITY = YES_AGGRESSIVE;
				CLANG_WARN_UNREACHABLE_CODE = YES;
				CLANG_WARN__DUPLICATE_METHOD_MATCH = YES;
				COPY_PHASE_STRIP = NO;
				DEBUG_INFORMATION_FORMAT = dwarf;
				ENABLE_STRICT_OBJC_MSGSEND = YES;
				ENABLE_TESTABILITY = YES;
				GCC_C_LANGUAGE_STANDARD = gnu11;
				GCC_DYNAMIC_NO_PIC = NO;
				GCC_NO_COMMON_BLOCKS = YES;
				GCC_OPTIMIZATION_LEVEL = 0;
				GCC_PREPROCESSOR_DEFINITIONS = (
					"DEBUG=1",
					"$(inherited)",
				);
				GCC_WARN_64_TO_32_BIT_CONVERSION = YES;
				GCC_WARN_ABOUT_RETURN_TYPE = YES_ERROR;
				GCC_WARN_UNDECLARED_SELECTOR = YES;
				GCC_WARN_UNINITIALIZED_AUTOS = YES_AGGRESSIVE;
				GCC_WARN_UNUSED_FUNCTION = YES;
				GCC_WARN_UNUSED_VARIABLE = YES;
				IPHONEOS_DEPLOYMENT_TARGET = 16.1;
				MTL_ENABLE_DEBUG_INFO = INCLUDE_SOURCE;
				MTL_FAST_MATH = YES;
				ONLY_ACTIVE_ARCH = YES;
				SDKROOT = iphoneos;
				SWIFT_ACTIVE_COMPILATION_CONDITIONS = DEBUG;
				SWIFT_OPTIMIZATION_LEVEL = "-Onone";
			};
			name = Debug;
		};
		6A910BB829C3D6FD00DC917C /* Release */ = {
			isa = XCBuildConfiguration;
			buildSettings = {
				ALWAYS_SEARCH_USER_PATHS = NO;
				CLANG_ANALYZER_NONNULL = YES;
				CLANG_ANALYZER_NUMBER_OBJECT_CONVERSION = YES_AGGRESSIVE;
				CLANG_CXX_LANGUAGE_STANDARD = "gnu++20";
				CLANG_ENABLE_MODULES = YES;
				CLANG_ENABLE_OBJC_ARC = YES;
				CLANG_ENABLE_OBJC_WEAK = YES;
				CLANG_WARN_BLOCK_CAPTURE_AUTORELEASING = YES;
				CLANG_WARN_BOOL_CONVERSION = YES;
				CLANG_WARN_COMMA = YES;
				CLANG_WARN_CONSTANT_CONVERSION = YES;
				CLANG_WARN_DEPRECATED_OBJC_IMPLEMENTATIONS = YES;
				CLANG_WARN_DIRECT_OBJC_ISA_USAGE = YES_ERROR;
				CLANG_WARN_DOCUMENTATION_COMMENTS = YES;
				CLANG_WARN_EMPTY_BODY = YES;
				CLANG_WARN_ENUM_CONVERSION = YES;
				CLANG_WARN_INFINITE_RECURSION = YES;
				CLANG_WARN_INT_CONVERSION = YES;
				CLANG_WARN_NON_LITERAL_NULL_CONVERSION = YES;
				CLANG_WARN_OBJC_IMPLICIT_RETAIN_SELF = YES;
				CLANG_WARN_OBJC_LITERAL_CONVERSION = YES;
				CLANG_WARN_OBJC_ROOT_CLASS = YES_ERROR;
				CLANG_WARN_QUOTED_INCLUDE_IN_FRAMEWORK_HEADER = YES;
				CLANG_WARN_RANGE_LOOP_ANALYSIS = YES;
				CLANG_WARN_STRICT_PROTOTYPES = YES;
				CLANG_WARN_SUSPICIOUS_MOVE = YES;
				CLANG_WARN_UNGUARDED_AVAILABILITY = YES_AGGRESSIVE;
				CLANG_WARN_UNREACHABLE_CODE = YES;
				CLANG_WARN__DUPLICATE_METHOD_MATCH = YES;
				COPY_PHASE_STRIP = NO;
				DEBUG_INFORMATION_FORMAT = "dwarf-with-dsym";
				ENABLE_NS_ASSERTIONS = NO;
				ENABLE_STRICT_OBJC_MSGSEND = YES;
				GCC_C_LANGUAGE_STANDARD = gnu11;
				GCC_NO_COMMON_BLOCKS = YES;
				GCC_WARN_64_TO_32_BIT_CONVERSION = YES;
				GCC_WARN_ABOUT_RETURN_TYPE = YES_ERROR;
				GCC_WARN_UNDECLARED_SELECTOR = YES;
				GCC_WARN_UNINITIALIZED_AUTOS = YES_AGGRESSIVE;
				GCC_WARN_UNUSED_FUNCTION = YES;
				GCC_WARN_UNUSED_VARIABLE = YES;
				IPHONEOS_DEPLOYMENT_TARGET = 16.1;
				MTL_ENABLE_DEBUG_INFO = NO;
				MTL_FAST_MATH = YES;
				SDKROOT = iphoneos;
				SWIFT_COMPILATION_MODE = wholemodule;
				SWIFT_OPTIMIZATION_LEVEL = "-O";
				VALIDATE_PRODUCT = YES;
			};
			name = Release;
		};
		6A910BBA29C3D6FD00DC917C /* Debug */ = {
			isa = XCBuildConfiguration;
			buildSettings = {
				ASSETCATALOG_COMPILER_APPICON_NAME = AppIcon;
				ASSETCATALOG_COMPILER_GLOBAL_ACCENT_COLOR_NAME = AccentColor;
				CODE_SIGN_STYLE = Automatic;
				CURRENT_PROJECT_VERSION = 1;
				DEVELOPMENT_ASSET_PATHS = "\"BonoBonoDiary/Preview Content\"";
				DEVELOPMENT_TEAM = P9G6PC5FMA;
				ENABLE_PREVIEWS = YES;
				GENERATE_INFOPLIST_FILE = YES;
				INFOPLIST_FILE = BonoBonoDiary/Info.plist;
				INFOPLIST_KEY_UIApplicationSceneManifest_Generation = YES;
				INFOPLIST_KEY_UIApplicationSupportsIndirectInputEvents = YES;
				INFOPLIST_KEY_UISupportedInterfaceOrientations_iPad = "UIInterfaceOrientationPortrait UIInterfaceOrientationPortraitUpsideDown UIInterfaceOrientationLandscapeLeft UIInterfaceOrientationLandscapeRight";
				INFOPLIST_KEY_UISupportedInterfaceOrientations_iPhone = "UIInterfaceOrientationPortrait UIInterfaceOrientationLandscapeLeft UIInterfaceOrientationLandscapeRight";
				LD_RUNPATH_SEARCH_PATHS = (
					"$(inherited)",
					"@executable_path/Frameworks",
				);
				MARKETING_VERSION = 1.0;
				PRODUCT_BUNDLE_IDENTIFIER = com.selina.BonoBonoDiary;
				PRODUCT_NAME = "$(TARGET_NAME)";
				SWIFT_EMIT_LOC_STRINGS = YES;
				SWIFT_VERSION = 5.0;
				TARGETED_DEVICE_FAMILY = "1,2";
			};
			name = Debug;
		};
		6A910BBB29C3D6FD00DC917C /* Release */ = {
			isa = XCBuildConfiguration;
			buildSettings = {
				ASSETCATALOG_COMPILER_APPICON_NAME = AppIcon;
				ASSETCATALOG_COMPILER_GLOBAL_ACCENT_COLOR_NAME = AccentColor;
				CODE_SIGN_STYLE = Automatic;
				CURRENT_PROJECT_VERSION = 1;
				DEVELOPMENT_ASSET_PATHS = "\"BonoBonoDiary/Preview Content\"";
				DEVELOPMENT_TEAM = P9G6PC5FMA;
				ENABLE_PREVIEWS = YES;
				GENERATE_INFOPLIST_FILE = YES;
				INFOPLIST_FILE = BonoBonoDiary/Info.plist;
				INFOPLIST_KEY_UIApplicationSceneManifest_Generation = YES;
				INFOPLIST_KEY_UIApplicationSupportsIndirectInputEvents = YES;
				INFOPLIST_KEY_UISupportedInterfaceOrientations_iPad = "UIInterfaceOrientationPortrait UIInterfaceOrientationPortraitUpsideDown UIInterfaceOrientationLandscapeLeft UIInterfaceOrientationLandscapeRight";
				INFOPLIST_KEY_UISupportedInterfaceOrientations_iPhone = "UIInterfaceOrientationPortrait UIInterfaceOrientationLandscapeLeft UIInterfaceOrientationLandscapeRight";
				LD_RUNPATH_SEARCH_PATHS = (
					"$(inherited)",
					"@executable_path/Frameworks",
				);
				MARKETING_VERSION = 1.0;
				PRODUCT_BUNDLE_IDENTIFIER = com.selina.BonoBonoDiary;
				PRODUCT_NAME = "$(TARGET_NAME)";
				SWIFT_EMIT_LOC_STRINGS = YES;
				SWIFT_VERSION = 5.0;
				TARGETED_DEVICE_FAMILY = "1,2";
			};
			name = Release;
		};
/* End XCBuildConfiguration section */

/* Begin XCConfigurationList section */
		6A910BA629C3D6F900DC917C /* Build configuration list for PBXProject "BonoBonoDiary" */ = {
			isa = XCConfigurationList;
			buildConfigurations = (
				6A910BB729C3D6FD00DC917C /* Debug */,
				6A910BB829C3D6FD00DC917C /* Release */,
			);
			defaultConfigurationIsVisible = 0;
			defaultConfigurationName = Release;
		};
		6A910BB929C3D6FD00DC917C /* Build configuration list for PBXNativeTarget "BonoBonoDiary" */ = {
			isa = XCConfigurationList;
			buildConfigurations = (
				6A910BBA29C3D6FD00DC917C /* Debug */,
				6A910BBB29C3D6FD00DC917C /* Release */,
			);
			defaultConfigurationIsVisible = 0;
			defaultConfigurationName = Release;
		};
/* End XCConfigurationList section */

/* Begin XCVersionGroup section */
		6A910C3C29C60FF700DC917C /* DiaryModel.xcdatamodeld */ = {
			isa = XCVersionGroup;
			children = (
				6A910C3D29C60FF700DC917C /* DiaryModel.xcdatamodel */,
			);
			currentVersion = 6A910C3D29C60FF700DC917C /* DiaryModel.xcdatamodel */;
			path = DiaryModel.xcdatamodeld;
			sourceTree = "<group>";
			versionGroupType = wrapper.xcdatamodel;
		};
/* End XCVersionGroup section */
	};
	rootObject = 6A910BA329C3D6F900DC917C /* Project object */;
}
